{
  "platform": {
    "version": "0.9.0"
  },
  "entries": [
    {
      "name": "Osysharp.Http",
      "kind": "package",
      "version": "1.0.0",
      "hash": "sha256:4c24068aeea5ef1a155459d4cc332c85d7ee3d96049f2404e54ac860d94beb0f",
      "minPlatform": "0.9.0",
      "shadow": "app-forkable",
      "source": "workspace:Platform.Core/Dsl/OsySharp/Baseline/Capabilities/Http"
    },
    {
      "name": "Osysharp.Payments",
      "kind": "package",
      "version": "0.1.0",
      "hash": "sha256:24c25dc952d65c184b67b1c80f75ee1825e8e4fd6d5417c5e477fa77b5d8fd87",
      "minPlatform": "0.9.0",
      "shadow": "app-forkable",
      "source": "workspace:kits/payments",
      "constraint": "0"
    },
    {
      "name": "Osysharp.Payments.Klarna",
      "kind": "package",
      "version": "0.1.1",
      "hash": "sha256:74d9d7222fe6c7519b519af958d4fcfcd030cddff62b1a7225a092e567d2fd1d",
      "minPlatform": "0.9.0",
      "shadow": "app-forkable",
      "source": "workspace:kits/klarna",
      "constraint": "0"
    },
    {
      "name": "Osysharp.Ui",
      "kind": "package",
      "version": "2.18.1",
      "hash": "sha256:5dae9b4103cc649967664228cc945c2d8b5bd9ff8d45e62bf9b67d9db079545e",
      "minPlatform": "0.9.0",
      "shadow": "app-forkable",
      "source": "workspace:Platform.Core/Dsl/OsySharp/Baseline/Capabilities/Ui"
    }
  ],
  "bridges": {
    "searched": [
      "workspace",
      "platform"
    ],
    "skipped": [
      "github: offline \u2014 the public catalog was not searched for bridges. Run \u0060osy lock\u0060 with a network to look."
    ]
  }
}